
Microsoft Visual Studio Solution File, Format Version 11.00
# Visual Studio 2010
Project("{8BC9CEB8-8B4A-11D0-8D11-00A0C91BC942}") = "Sample_State_Machine", "Sample_State_Machine\Sample_State_Machine.vcxproj", "{A1F031C5-34B4-4C4A-8493-8766CB4816AB}"
EndProject
Global
	GlobalSection(SolutionConfigurationPlatforms) = preSolution
		Debug|Win32 = Debug|Win32
		Release|Win32 = Release|Win32
	EndGlobalSection
	GlobalSection(ProjectConfigurationPlatforms) = postSolution
		{A1F031C5-34B4-4C4A-8493-8766CB4816AB}.Debug|Win32.ActiveCfg = Debug|Win32
		{A1F031C5-34B4-4C4A-8493-8766CB4816AB}.Debug|Win32.Build.0 = Debug|Win32
		{A1F031C5-34B4-4C4A-8493-8766CB4816AB}.Release|Win32.ActiveCfg = Release|Win32
		{A1F031C5-34B4-4C4A-8493-8766CB4816AB}.Release|Win32.Build.0 = Release|Win32
	EndGlobalSection
	GlobalSection(SolutionProperties) = preSolution
		HideSolutionNode = FALSE
	EndGlobalSection
EndGlobal
